
Microsoft Visual Studio Solution File, Format Version 12.00
# Visual Studio Version 17
VisualStudioVersion = 17.2.32630.192
MinimumVisualStudioVersion = 10.0.40219.1
Project("{F2A71F9B-5D33-465A-A702-920D77279786}") = "DifferentialLine.Core", "DifferentialLine.Core\DifferentialLine.Core.fsproj", "{2321C9B8-A92E-491A-BDD9-CBB21B090067}"
EndProject
Global
	GlobalSection(SolutionConfigurationPlatforms) = preSolution
		Debug|Any CPU = Debug|Any CPU
		Release|Any CPU = Release|Any CPU
	EndGlobalSection
	GlobalSection(ProjectConfigurationPlatforms) = postSolution
		{2321C9B8-A92E-491A-BDD9-CBB21B090067}.Debug|Any CPU.ActiveCfg = Debug|Any CPU
		{2321C9B8-A92E-491A-BDD9-CBB21B090067}.Debug|Any CPU.Build.0 = Debug|Any CPU
		{2321C9B8-A92E-491A-BDD9-CBB21B090067}.Release|Any CPU.ActiveCfg = Release|Any CPU
		{2321C9B8-A92E-491A-BDD9-CBB21B090067}.Release|Any CPU.Build.0 = Release|Any CPU
	EndGlobalSection
	GlobalSection(SolutionProperties) = preSolution
		HideSolutionNode = FALSE
	EndGlobalSection
	GlobalSection(ExtensibilityGlobals) = postSolution
		SolutionGuid = {C1BB1D27-4400-4603-8403-C8247CE4D092}
	EndGlobalSection
EndGlobal
